{
  "name": "gatsby-plugin-podcast-feed",
  "version": "0.1.0",
  "lockfileVersion": 3,
  "requires": true,
  "packages": {
    "": {
      "name": "gatsby-plugin-podcast-feed",
      "version": "0.1.0",
      "license": "MIT",
      "dependencies": {
        "fs-extra": "^8.0.1",
        "lodash": "^4.17.11",
        "rss": "^1.2.2"
      }
    },
    "node_modules/fs-extra": {
      "version": "8.0.1",
      "resolved": "https://registry.npmjs.org/fs-extra/-/fs-extra-8.0.1.tgz",
      "integrity": "sha512-W+XLrggcDzlle47X/XnS7FXrXu9sDo+Ze9zpndeBxdgv88FHLm1HtmkhEwavruS6koanBjp098rUpHs65EmG7A==",
      "dependencies": {
        "graceful-fs": "^4.1.2",
        "jsonfile": "^4.0.0",
        "universalify": "^0.1.0"
      },
      "engines": {
        "node": ">=6 <7 || >=8"
      }
    },
    "node_modules/graceful-fs": {
      "version": "4.1.15",
      "resolved": "https://registry.npmjs.org/graceful-fs/-/graceful-fs-4.1.15.tgz",
      "integrity": "sha512-6uHUhOPEBgQ24HM+r6b/QwWfZq+yiFcipKFrOFiBEnWdy5sdzYoi+pJeQaPI5qOLRFqWmAXUPQNsielzdLoecA=="
    },
    "node_modules/jsonfile": {
      "version": "4.0.0",
      "resolved": "https://registry.npmjs.org/jsonfile/-/jsonfile-4.0.0.tgz",
      "integrity": "sha1-h3Gq4HmbZAdrdmQPygWPnBDjPss=",
      "optionalDependencies": {
        "graceful-fs": "^4.1.6"
      }
    },
    "node_modules/lodash": {
      "version": "4.17.11",
      "resolved": "https://registry.npmjs.org/lodash/-/lodash-4.17.11.tgz",
      "integrity": "sha512-cQKh8igo5QUhZ7lg38DYWAxMvjSAKG0A8wGSVimP07SIUEK2UO+arSRKbRZWtelMtN5V0Hkwh5ryOto/SshYIg=="
    },
    "node_modules/mime-db": {
      "version": "1.25.0",
      "resolved": "https://registry.npmjs.org/mime-db/-/mime-db-1.25.0.tgz",
      "integrity": "sha1-wY29fHOl2/b0SgJNwNFloeexw5I=",
      "engines": {
        "node": ">= 0.6"
      }
    },
    "node_modules/mime-types": {
      "version": "2.1.13",
      "resolved": "https://registry.npmjs.org/mime-types/-/mime-types-2.1.13.tgz",
      "integrity": "sha1-4HqqnGxrmnyjASxpADrSWjnpKog=",
      "dependencies": {
        "mime-db": "~1.25.0"
      },
      "engines": {
        "node": ">= 0.6"
      }
    },
    "node_modules/rss": {
      "version": "1.2.2",
      "resolved": "https://registry.npmjs.org/rss/-/rss-1.2.2.tgz",
      "integrity": "sha1-UKFpiHYTgTOnT5oF0r3I240nqSE=",
      "dependencies": {
        "mime-types": "2.1.13",
        "xml": "1.0.1"
      }
    },
    "node_modules/universalify": {
      "version": "0.1.2",
      "resolved": "https://registry.npmjs.org/universalify/-/universalify-0.1.2.tgz",
      "integrity": "sha512-rBJeI5CXAlmy1pV+617WB9J63U6XcazHHF2f2dbJix4XzpUF0RS3Zbj0FGIOCAva5P/d/GBOYaACQ1w+0azUkg==",
      "engines": {
        "node": ">= 4.0.0"
      }
    },
    "node_modules/xml": {
      "version": "1.0.1",
      "resolved": "https://registry.npmjs.org/xml/-/xml-1.0.1.tgz",
      "integrity": "sha1-eLpyAgApxbyHuKgaPPzXS0ovweU="
    }
  }
}
